
Microsoft Visual Studio Solution File, Format Version 12.00
# Visual Studio Version 17
VisualStudioVersion = 17.3.32825.248
MinimumVisualStudioVersion = 10.0.40219.1
Project("{FAE04EC0-301F-11D3-BF4B-00C04F79EFBC}") = "lista", "lista\lista.csproj", "{3B7DD34B-0CDB-4B55-B7ED-6E54BB77E539}"
EndProject
Global
	GlobalSection(SolutionConfigurationPlatforms) = preSolution
		Debug|Any CPU = Debug|Any CPU
		Release|Any CPU = Release|Any CPU
	EndGlobalSection
	GlobalSection(ProjectConfigurationPlatforms) = postSolution
		{3B7DD34B-0CDB-4B55-B7ED-6E54BB77E539}.Debug|Any CPU.ActiveCfg = Debug|Any CPU
		{3B7DD34B-0CDB-4B55-B7ED-6E54BB77E539}.Debug|Any CPU.Build.0 = Debug|Any CPU
		{3B7DD34B-0CDB-4B55-B7ED-6E54BB77E539}.Release|Any CPU.ActiveCfg = Release|Any CPU
		{3B7DD34B-0CDB-4B55-B7ED-6E54BB77E539}.Release|Any CPU.Build.0 = Release|Any CPU
	EndGlobalSection
	GlobalSection(SolutionProperties) = preSolution
		HideSolutionNode = FALSE
	EndGlobalSection
	GlobalSection(ExtensibilityGlobals) = postSolution
		SolutionGuid = {1B731FDE-3BA3-42FE-B337-EBE6688B37DC}
	EndGlobalSection
EndGlobal
